
Microsoft Visual Studio Solution File, Format Version 12.00
# Visual Studio Version 17
VisualStudioVersion = 17.0.32112.339
MinimumVisualStudioVersion = 10.0.40219.1
Project("{FAE04EC0-301F-11D3-BF4B-00C04F79EFBC}") = "HalloWelt", "HalloWelt.csproj", "{8DCB985A-D567-4536-83FF-DDC1E7A730C9}"
EndProject
Global
	GlobalSection(SolutionConfigurationPlatforms) = preSolution
		Debug|Any CPU = Debug|Any CPU
		Release|Any CPU = Release|Any CPU
	EndGlobalSection
	GlobalSection(ProjectConfigurationPlatforms) = postSolution
		{8DCB985A-D567-4536-83FF-DDC1E7A730C9}.Debug|Any CPU.ActiveCfg = Debug|Any CPU
		{8DCB985A-D567-4536-83FF-DDC1E7A730C9}.Debug|Any CPU.Build.0 = Debug|Any CPU
		{8DCB985A-D567-4536-83FF-DDC1E7A730C9}.Release|Any CPU.ActiveCfg = Release|Any CPU
		{8DCB985A-D567-4536-83FF-DDC1E7A730C9}.Release|Any CPU.Build.0 = Release|Any CPU
	EndGlobalSection
	GlobalSection(SolutionProperties) = preSolution
		HideSolutionNode = FALSE
	EndGlobalSection
	GlobalSection(ExtensibilityGlobals) = postSolution
		SolutionGuid = {46DC1381-68F1-45CD-91FA-B6D2D2918087}
	EndGlobalSection
EndGlobal
